// !$*UTF8*$!
{
	archiveVersion = 1;
	classes = {
	};
	objectVersion = 55;
	objects = {

/* Begin PBXBuildFile section */
		159A2988274E6030001089BD /* AppDelegate.swift in Sources */ = {isa = PBXBuildFile; fileRef = 159A2987274E6030001089BD /* AppDelegate.swift */; };
		159A298A274E6030001089BD /* SceneDelegate.swift in Sources */ = {isa = PBXBuildFile; fileRef = 159A2989274E6030001089BD /* SceneDelegate.swift */; };
		159A298C274E6030001089BD /* ViewController.swift in Sources */ = {isa = PBXBuildFile; fileRef = 159A298B274E6030001089BD /* ViewController.swift */; };
		159A298F274E6031001089BD /* Main.storyboard in Resources */ = {isa = PBXBuildFile; fileRef = 159A298D274E6031001089BD /* Main.storyboard */; };
		159A2991274E6032001089BD /* Assets.xcassets in Resources */ = {isa = PBXBuildFile; fileRef = 159A2990274E6032001089BD /* Assets.xcassets */; };
		159A2994274E6032001089BD /* LaunchScreen.storyboard in Resources */ = {isa = PBXBuildFile; fileRef = 159A2992274E6032001089BD /* LaunchScreen.storyboard */; };
		5E33492898A621054DB0412D /* Pods_LoCamTion.framework in Frameworks */ = {isa = PBXBuildFile; fileRef = B5FB60865B19653D2A690C6E /* Pods_LoCamTion.framework */; };
/* End PBXBuildFile section */

/* Begin PBXFileReference section */
		159A2984274E6030001089BD /* LoCamTion.app */ = {isa = PBXFileReference; explicitFileType = wrapper.application; includeInIndex = 0; path = LoCamTion.app; sourceTree = BUILT_PRODUCTS_DIR; };
		159A2987274E6030001089BD /* AppDelegate.swift */ = {isa = PBXFileReference; lastKnownFileType = sourcecode.swift; path = AppDelegate.swift; sourceTree = "<group>"; };
		159A2989274E6030001089BD /* SceneDelegate.swift */ = {isa = PBXFileReference; lastKnownFileType = sourcecode.swift; path = SceneDelegate.swift; sourceTree = "<group>"; };
		159A298B274E6030001089BD /* ViewController.swift */ = {isa = PBXFileReference; lastKnownFileType = sourcecode.swift; path = ViewController.swift; sourceTree = "<group>"; };
		159A298E274E6031001089BD /* Base */ = {isa = PBXFileReference; lastKnownFileType = file.storyboard; name = Base; path = Base.lproj/Main.storyboard; sourceTree = "<group>"; };
		159A2990274E6032001089BD /* Assets.xcassets */ = {isa = PBXFileReference; lastKnownFileType = folder.assetcatalog; path = Assets.xcassets; sourceTree = "<group>"; };
		159A2993274E6032001089BD /* Base */ = {isa = PBXFileReference; lastKnownFileType = file.storyboard; name = Base; path = Base.lproj/LaunchScreen.storyboard; sourceTree = "<group>"; };
		159A2995274E6032001089BD /* Info.plist */ = {isa = PBXFileReference; lastKnownFileType = text.plist.xml; path = Info.plist; sourceTree = "<group>"; };
		3685EEB9D7DA4088BC16B708 /* Pods-LoCamTion.release.xcconfig */ = {isa = PBXFileReference; includeInIndex = 1; lastKnownFileType = text.xcconfig; name = "Pods-LoCamTion.release.xcconfig"; path = "Target Support Files/Pods-LoCamTion/Pods-LoCamTion.release.xcconfig"; sourceTree = "<group>"; };
		78212387E55CC43DD16EF367 /* Pods-LoCamTion.debug.xcconfig */ = {isa = PBXFileReference; includeInIndex = 1; lastKnownFileType = text.xcconfig; name = "Pods-LoCamTion.debug.xcconfig"; path = "Target Support Files/Pods-LoCamTion/Pods-LoCamTion.debug.xcconfig"; sourceTree = "<group>"; };
		B5FB60865B19653D2A690C6E /* Pods_LoCamTion.framework */ = {isa = PBXFileReference; explicitFileType = wrapper.framework; includeInIndex = 0; path = Pods_LoCamTion.framework; sourceTree = BUILT_PRODUCTS_DIR; };
/* End PBXFileReference section */

/* Begin PBXFrameworksBuildPhase section */
		159A2981274E6030001089BD /* Frameworks */ = {
			isa = PBXFrameworksBuildPhase;
			buildActionMask = 2147483647;
			files = (
				5E33492898A621054DB0412D /* Pods_LoCamTion.framework in Frameworks */,
			);
			runOnlyForDeploymentPostprocessing = 0;
		};
/* End PBXFrameworksBuildPhase section */

/* Begin PBXGroup section */
		159A297B274E6030001089BD = {
			isa = PBXGroup;
			children = (
				159A2986274E6030001089BD /* LoCamTion */,
				159A2985274E6030001089BD /* Products */,
				23A88AE94D5FF002FD9DC0AD /* Pods */,
				2372364D31814AE761D6DEE5 /* Frameworks */,
			);
			sourceTree = "<group>";
		};
		159A2985274E6030001089BD /* Products */ = {
			isa = PBXGroup;
			children = (
				159A2984274E6030001089BD /* LoCamTion.app */,
			);
			name = Products;
			sourceTree = "<group>";
		};
		159A2986274E6030001089BD /* LoCamTion */ = {
			isa = PBXGroup;
			children = (
				159A2987274E6030001089BD /* AppDelegate.swift */,
				159A2989274E6030001089BD /* SceneDelegate.swift */,
				159A298B274E6030001089BD /* ViewController.swift */,
				159A298D274E6031001089BD /* Main.storyboard */,
				159A2990274E6032001089BD /* Assets.xcassets */,
				159A2992274E6032001089BD /* LaunchScreen.storyboard */,
				159A2995274E6032001089BD /* Info.plist */,
			);
			path = LoCamTion;
			sourceTree = "<group>";
		};
		2372364D31814AE761D6DEE5 /* Frameworks */ = {
			isa = PBXGroup;
			children = (
				B5FB60865B19653D2A690C6E /* Pods_LoCamTion.framework */,
			);
			name = Frameworks;
			sourceTree = "<group>";
		};
		23A88AE94D5FF002FD9DC0AD /* Pods */ = {
			isa = PBXGroup;
			children = (
				78212387E55CC43DD16EF367 /* Pods-LoCamTion.debug.xcconfig */,
				3685EEB9D7DA4088BC16B708 /* Pods-LoCamTion.release.xcconfig */,
			);
			path = Pods;
			sourceTree = "<group>";
		};
/* End PBXGroup section */

/* Begin PBXNativeTarget section */
		159A2983274E6030001089BD /* LoCamTion */ = {
			isa = PBXNativeTarget;
			buildConfigurationList = 159A2998274E6032001089BD /* Build configuration list for PBXNativeTarget "LoCamTion" */;
			buildPhases = (
				8F76FAE75F5E9C1807EFE3F3 /* [CP] Check Pods Manifest.lock */,
				159A2980274E6030001089BD /* Sources */,
				159A2981274E6030001089BD /* Frameworks */,
				159A2982274E6030001089BD /* Resources */,
				0D6D984A2F24276D3C2C6F50 /* [CP] Embed Pods Frameworks */,
			);
			buildRules = (
			);
			dependencies = (
			);
			name = LoCamTion;
			productName = LoCamTion;
			productReference = 159A2984274E6030001089BD /* LoCamTion.app */;
			productType = "com.apple.product-type.application";
		};
/* End PBXNativeTarget section */

/* Begin PBXProject section */
		159A297C274E6030001089BD /* Project object */ = {
			isa = PBXProject;
			attributes = {
				BuildIndependentTargetsInParallel = 1;
				LastSwiftUpdateCheck = 1310;
				LastUpgradeCheck = 1310;
				TargetAttributes = {
					159A2983274E6030001089BD = {
						CreatedOnToolsVersion = 13.1;
					};
				};
			};
			buildConfigurationList = 159A297F274E6030001089BD /* Build configuration list for PBXProject "LoCamTion" */;
			compatibilityVersion = "Xcode 13.0";
			developmentRegion = en;
			hasScannedForEncodings = 0;
			knownRegions = (
				en,
				Base,
			);
			mainGroup = 159A297B274E6030001089BD;
			productRefGroup = 159A2985274E6030001089BD /* Products */;
			projectDirPath = "";
			projectRoot = "";
			targets = (
				159A2983274E6030001089BD /* LoCamTion */,
			);
		};
/* End PBXProject section */

/* Begin PBXResourcesBuildPhase section */
		159A2982274E6030001089BD /* Resources */ = {
			isa = PBXResourcesBuildPhase;
			buildActionMask = 2147483647;
			files = (
				159A2994274E6032001089BD /* LaunchScreen.storyboard in Resources */,
				159A2991274E6032001089BD /* Assets.xcassets in Resources */,
				159A298F274E6031001089BD /* Main.storyboard in Resources */,
			);
			runOnlyForDeploymentPostprocessing = 0;
		};
/* End PBXResourcesBuildPhase section */

/* Begin PBXShellScriptBuildPhase section */
		0D6D984A2F24276D3C2C6F50 /* [CP] Embed Pods Frameworks */ = {
			isa = PBXShellScriptBuildPhase;
			buildActionMask = 2147483647;
			files = (
			);
			inputFileListPaths = (
				"${PODS_ROOT}/Target Support Files/Pods-LoCamTion/Pods-LoCamTion-frameworks-${CONFIGURATION}-input-files.xcfilelist",
			);
			name = "[CP] Embed Pods Frameworks";
			outputFileListPaths = (
				"${PODS_ROOT}/Target Support Files/Pods-LoCamTion/Pods-LoCamTion-frameworks-${CONFIGURATION}-output-files.xcfilelist",
			);
			runOnlyForDeploymentPostprocessing = 0;
			shellPath = /bin/sh;
			shellScript = "\"${PODS_ROOT}/Target Support Files/Pods-LoCamTion/Pods-LoCamTion-frameworks.sh\"\n";
			showEnvVarsInLog = 0;
		};
		8F76FAE75F5E9C1807EFE3F3 /* [CP] Check Pods Manifest.lock */ = {
			isa = PBXShellScriptBuildPhase;
			buildActionMask = 2147483647;
			files = (
			);
			inputFileListPaths = (
			);
			inputPaths = (
				"${PODS_PODFILE_DIR_PATH}/Podfile.lock",
				"${PODS_ROOT}/Manifest.lock",
			);
			name = "[CP] Check Pods Manifest.lock";
			outputFileListPaths = (
			);
			outputPaths = (
				"$(DERIVED_FILE_DIR)/Pods-LoCamTion-checkManifestLockResult.txt",
			);
			runOnlyForDeploymentPostprocessing = 0;
			shellPath = /bin/sh;
			shellScript = "diff \"${PODS_PODFILE_DIR_PATH}/Podfile.lock\" \"${PODS_ROOT}/Manifest.lock\" > /dev/null\nif [ $? != 0 ] ; then\n    # print error to STDERR\n    echo \"error: The sandbox is not in sync with the Podfile.lock. Run 'pod install' or update your CocoaPods installation.\" >&2\n    exit 1\nfi\n# This output is used by Xcode 'outputs' to avoid re-running this script phase.\necho \"SUCCESS\" > \"${SCRIPT_OUTPUT_FILE_0}\"\n";
			showEnvVarsInLog = 0;
		};
/* End PBXShellScriptBuildPhase section */

/* Begin PBXSourcesBuildPhase section */
		159A2980274E6030001089BD /* Sources */ = {
			isa = PBXSourcesBuildPhase;
			buildActionMask = 2147483647;
			files = (
				159A298C274E6030001089BD /* ViewController.swift in Sources */,
				159A2988274E6030001089BD /* AppDelegate.swift in Sources */,
				159A298A274E6030001089BD /* SceneDelegate.swift in Sources */,
			);
			runOnlyForDeploymentPostprocessing = 0;
		};
/* End PBXSourcesBuildPhase section */

/* Begin PBXVariantGroup section */
		159A298D274E6031001089BD /* Main.storyboard */ = {
			isa = PBXVariantGroup;
			children = (
				159A298E274E6031001089BD /* Base */,
			);
			name = Main.storyboard;
			sourceTree = "<group>";
		};
		159A2992274E6032001089BD /* LaunchScreen.storyboard */ = {
			isa = PBXVariantGroup;
			children = (
				159A2993274E6032001089BD /* Base */,
			);
			name = LaunchScreen.storyboard;
			sourceTree = "<group>";
		};
/* End PBXVariantGroup section */

/* Begin XCBuildConfiguration section */
		159A2996274E6032001089BD /* Debug */ = {
			isa = XCBuildConfiguration;
			buildSettings = {
				ALWAYS_SEARCH_USER_PATHS = NO;
				CLANG_ANALYZER_NONNULL = YES;
				CLANG_ANALYZER_NUMBER_OBJECT_CONVERSION = YES_AGGRESSIVE;
				CLANG_CXX_LANGUAGE_STANDARD = "gnu++17";
				CLANG_CXX_LIBRARY = "libc++";
				CLANG_ENABLE_MODULES = YES;
				CLANG_ENABLE_OBJC_ARC = YES;
				CLANG_ENABLE_OBJC_WEAK = YES;
				CLANG_WARN_BLOCK_CAPTURE_AUTORELEASING = YES;
				CLANG_WARN_BOOL_CONVERSION = YES;
				CLANG_WARN_COMMA = YES;
				CLANG_WARN_CONSTANT_CONVERSION = YES;
				CLANG_WARN_DEPRECATED_OBJC_IMPLEMENTATIONS = YES;
				CLANG_WARN_DIRECT_OBJC_ISA_USAGE = YES_ERROR;
				CLANG_WARN_DOCUMENTATION_COMMENTS = YES;
				CLANG_WARN_EMPTY_BODY = YES;
				CLANG_WARN_ENUM_CONVERSION = YES;
				CLANG_WARN_INFINITE_RECURSION = YES;
				CLANG_WARN_INT_CONVERSION = YES;
				CLANG_WARN_NON_LITERAL_NULL_CONVERSION = YES;
				CLANG_WARN_OBJC_IMPLICIT_RETAIN_SELF = YES;
				CLANG_WARN_OBJC_LITERAL_CONVERSION = YES;
				CLANG_WARN_OBJC_ROOT_CLASS = YES_ERROR;
				CLANG_WARN_QUOTED_INCLUDE_IN_FRAMEWORK_HEADER = YES;
				CLANG_WARN_RANGE_LOOP_ANALYSIS = YES;
				CLANG_WARN_STRICT_PROTOTYPES = YES;
				CLANG_WARN_SUSPICIOUS_MOVE = YES;
				CLANG_WARN_UNGUARDED_AVAILABILITY = YES_AGGRESSIVE;
				CLANG_WARN_UNREACHABLE_CODE = YES;
				CLANG_WARN__DUPLICATE_METHOD_MATCH = YES;
				COPY_PHASE_STRIP = NO;
				DEBUG_INFORMATION_FORMAT = dwarf;
				ENABLE_STRICT_OBJC_MSGSEND = YES;
				ENABLE_TESTABILITY = YES;
				GCC_C_LANGUAGE_STANDARD = gnu11;
				GCC_DYNAMIC_NO_PIC = NO;
				GCC_NO_COMMON_BLOCKS = YES;
				GCC_OPTIMIZATION_LEVEL = 0;
				GCC_PREPROCESSOR_DEFINITIONS = (
					"DEBUG=1",
					"$(inherited)",
				);
				GCC_WARN_64_TO_32_BIT_CONVERSION = YES;
				GCC_WARN_ABOUT_RETURN_TYPE = YES_ERROR;
				GCC_WARN_UNDECLARED_SELECTOR = YES;
				GCC_WARN_UNINITIALIZED_AUTOS = YES_AGGRESSIVE;
				GCC_WARN_UNUSED_FUNCTION = YES;
				GCC_WARN_UNUSED_VARIABLE = YES;
				IPHONEOS_DEPLOYMENT_TARGET = 12.0;
				MTL_ENABLE_DEBUG_INFO = INCLUDE_SOURCE;
				MTL_FAST_MATH = YES;
				ONLY_ACTIVE_ARCH = YES;
				SDKROOT = iphoneos;
				SWIFT_ACTIVE_COMPILATION_CONDITIONS = DEBUG;
				SWIFT_OPTIMIZATION_LEVEL = "-Onone";
			};
			name = Debug;
		};
		159A2997274E6032001089BD /* Release */ = {
			isa = XCBuildConfiguration;
			buildSettings = {
				ALWAYS_SEARCH_USER_PATHS = NO;
				CLANG_ANALYZER_NONNULL = YES;
				CLANG_ANALYZER_NUMBER_OBJECT_CONVERSION = YES_AGGRESSIVE;
				CLANG_CXX_LANGUAGE_STANDARD = "gnu++17";
				CLANG_CXX_LIBRARY = "libc++";
				CLANG_ENABLE_MODULES = YES;
				CLANG_ENABLE_OBJC_ARC = YES;
				CLANG_ENABLE_OBJC_WEAK = YES;
				CLANG_WARN_BLOCK_CAPTURE_AUTORELEASING = YES;
				CLANG_WARN_BOOL_CONVERSION = YES;
				CLANG_WARN_COMMA = YES;
				CLANG_WARN_CONSTANT_CONVERSION = YES;
				CLANG_WARN_DEPRECATED_OBJC_IMPLEMENTATIONS = YES;
				CLANG_WARN_DIRECT_OBJC_ISA_USAGE = YES_ERROR;
				CLANG_WARN_DOCUMENTATION_COMMENTS = YES;
				CLANG_WARN_EMPTY_BODY = YES;
				CLANG_WARN_ENUM_CONVERSION = YES;
				CLANG_WARN_INFINITE_RECURSION = YES;
				CLANG_WARN_INT_CONVERSION = YES;
				CLANG_WARN_NON_LITERAL_NULL_CONVERSION = YES;
				CLANG_WARN_OBJC_IMPLICIT_RETAIN_SELF = YES;
				CLANG_WARN_OBJC_LITERAL_CONVERSION = YES;
				CLANG_WARN_OBJC_ROOT_CLASS = YES_ERROR;
				CLANG_WARN_QUOTED_INCLUDE_IN_FRAMEWORK_HEADER = YES;
				CLANG_WARN_RANGE_LOOP_ANALYSIS = YES;
				CLANG_WARN_STRICT_PROTOTYPES = YES;
				CLANG_WARN_SUSPICIOUS_MOVE = YES;
				CLANG_WARN_UNGUARDED_AVAILABILITY = YES_AGGRESSIVE;
				CLANG_WARN_UNREACHABLE_CODE = YES;
				CLANG_WARN__DUPLICATE_METHOD_MATCH = YES;
				COPY_PHASE_STRIP = NO;
				DEBUG_INFORMATION_FORMAT = "dwarf-with-dsym";
				ENABLE_NS_ASSERTIONS = NO;
				ENABLE_STRICT_OBJC_MSGSEND = YES;
				GCC_C_LANGUAGE_STANDARD = gnu11;
				GCC_NO_COMMON_BLOCKS = YES;
				GCC_WARN_64_TO_32_BIT_CONVERSION = YES;
				GCC_WARN_ABOUT_RETURN_TYPE = YES_ERROR;
				GCC_WARN_UNDECLARED_SELECTOR = YES;
				GCC_WARN_UNINITIALIZED_AUTOS = YES_AGGRESSIVE;
				GCC_WARN_UNUSED_FUNCTION = YES;
				GCC_WARN_UNUSED_VARIABLE = YES;
				IPHONEOS_DEPLOYMENT_TARGET = 12.0;
				MTL_ENABLE_DEBUG_INFO = NO;
				MTL_FAST_MATH = YES;
				SDKROOT = iphoneos;
				SWIFT_COMPILATION_MODE = wholemodule;
				SWIFT_OPTIMIZATION_LEVEL = "-O";
				VALIDATE_PRODUCT = YES;
			};
			name = Release;
		};
		159A2999274E6032001089BD /* Debug */ = {
			isa = XCBuildConfiguration;
			baseConfigurationReference = 78212387E55CC43DD16EF367 /* Pods-LoCamTion.debug.xcconfig */;
			buildSettings = {
				ASSETCATALOG_COMPILER_APPICON_NAME = AppIcon;
				ASSETCATALOG_COMPILER_GLOBAL_ACCENT_COLOR_NAME = AccentColor;
				CODE_SIGN_STYLE = Automatic;
				CURRENT_PROJECT_VERSION = 1;
				DEVELOPMENT_TEAM = 7S48M3T47N;
				GENERATE_INFOPLIST_FILE = YES;
				INFOPLIST_FILE = LoCamTion/Info.plist;
				INFOPLIST_KEY_UIApplicationSupportsIndirectInputEvents = YES;
				INFOPLIST_KEY_UILaunchStoryboardName = LaunchScreen;
				INFOPLIST_KEY_UIMainStoryboardFile = Main;
				INFOPLIST_KEY_UISupportedInterfaceOrientations_iPad = "UIInterfaceOrientationPortrait UIInterfaceOrientationPortraitUpsideDown UIInterfaceOrientationLandscapeLeft UIInterfaceOrientationLandscapeRight";
				INFOPLIST_KEY_UISupportedInterfaceOrientations_iPhone = "UIInterfaceOrientationPortrait UIInterfaceOrientationLandscapeLeft UIInterfaceOrientationLandscapeRight";
				IPHONEOS_DEPLOYMENT_TARGET = 12.0;
				LD_RUNPATH_SEARCH_PATHS = (
					"$(inherited)",
					"@executable_path/Frameworks",
				);
				MARKETING_VERSION = 1.0;
				PRODUCT_BUNDLE_IDENTIFIER = com.poroye..LoCamTion;
				PRODUCT_NAME = "$(TARGET_NAME)";
				SWIFT_EMIT_LOC_STRINGS = YES;
				SWIFT_VERSION = 5.0;
				TARGETED_DEVICE_FAMILY = "1,2";
			};
			name = Debug;
		};
		159A299A274E6032001089BD /* Release */ = {
			isa = XCBuildConfiguration;
			baseConfigurationReference = 3685EEB9D7DA4088BC16B708 /* Pods-LoCamTion.release.xcconfig */;
			buildSettings = {
				ASSETCATALOG_COMPILER_APPICON_NAME = AppIcon;
				ASSETCATALOG_COMPILER_GLOBAL_ACCENT_COLOR_NAME = AccentColor;
				CODE_SIGN_STYLE = Automatic;
				CURRENT_PROJECT_VERSION = 1;
				DEVELOPMENT_TEAM = 7S48M3T47N;
				GENERATE_INFOPLIST_FILE = YES;
				INFOPLIST_FILE = LoCamTion/Info.plist;
				INFOPLIST_KEY_UIApplicationSupportsIndirectInputEvents = YES;
				INFOPLIST_KEY_UILaunchStoryboardName = LaunchScreen;
				INFOPLIST_KEY_UIMainStoryboardFile = Main;
				INFOPLIST_KEY_UISupportedInterfaceOrientations_iPad = "UIInterfaceOrientationPortrait UIInterfaceOrientationPortraitUpsideDown UIInterfaceOrientationLandscapeLeft UIInterfaceOrientationLandscapeRight";
				INFOPLIST_KEY_UISupportedInterfaceOrientations_iPhone = "UIInterfaceOrientationPortrait UIInterfaceOrientationLandscapeLeft UIInterfaceOrientationLandscapeRight";
				IPHONEOS_DEPLOYMENT_TARGET = 12.0;
				LD_RUNPATH_SEARCH_PATHS = (
					"$(inherited)",
					"@executable_path/Frameworks",
				);
				MARKETING_VERSION = 1.0;
				PRODUCT_BUNDLE_IDENTIFIER = com.poroye..LoCamTion;
				PRODUCT_NAME = "$(TARGET_NAME)";
				SWIFT_EMIT_LOC_STRINGS = YES;
				SWIFT_VERSION = 5.0;
				TARGETED_DEVICE_FAMILY = "1,2";
			};
			name = Release;
		};
/* End XCBuildConfiguration section */

/* Begin XCConfigurationList section */
		159A297F274E6030001089BD /* Build configuration list for PBXProject "LoCamTion" */ = {
			isa = XCConfigurationList;
			buildConfigurations = (
				159A2996274E6032001089BD /* Debug */,
				159A2997274E6032001089BD /* Release */,
			);
			defaultConfigurationIsVisible = 0;
			defaultConfigurationName = Release;
		};
		159A2998274E6032001089BD /* Build configuration list for PBXNativeTarget "LoCamTion" */ = {
			isa = XCConfigurationList;
			buildConfigurations = (
				159A2999274E6032001089BD /* Debug */,
				159A299A274E6032001089BD /* Release */,
			);
			defaultConfigurationIsVisible = 0;
			defaultConfigurationName = Release;
		};
/* End XCConfigurationList section */
	};
	rootObject = 159A297C274E6030001089BD /* Project object */;
}
